github.com/jakubnoga/kdtree v0.0.0-20200730203614-c3af61678548 h1:48uVOTD/66/+tMO7d00VfxAa/InL4rskMVEOliJRH70=
github.com/jakubnoga/kdtree v0.0.0-20200730203614-c3af61678548/go.mod h1:W4s48KlJreuLoRB/X6+TnaSyo2ebzIaM4gJgOSFV9nQ=
github.com/jakubnoga/processing v0.0.0-20200730210146-dccef92c7cdb h1:Y0ipYKAmCuD9zszs8pE/umsEEeZQBzbJ+P/aXNO8Jio=
github.com/jakubnoga/processing v0.0.0-20200730210146-dccef92c7cdb/go.mod h1:g3KLlDU8Rk+X+4CKzgZIbOez7us4V1wx1xREJs6jfFA=
